
Microsoft Visual Studio Solution File, Format Version 12.00
# Visual Studio 14
VisualStudioVersion = 14.0.23107.0
MinimumVisualStudioVersion = 10.0.40219.1
Project("{FAE04EC0-301F-11D3-BF4B-00C04F79EFBC}") = "OurLib", "OurLib\OurLib.csproj", "{7D384ED6-80E2-40C4-8F1F-FD6D221EBCB4}"
EndProject
Project("{FAE04EC0-301F-11D3-BF4B-00C04F79EFBC}") = "GUI", "GUI\GUI.csproj", "{9CF3B754-37CD-4F7A-A631-1C48C46C79DA}"
EndProject
Project("{FAE04EC0-301F-11D3-BF4B-00C04F79EFBC}") = "UnitTestProject1", "UnitTestProject1\UnitTestProject1.csproj", "{6D74C799-DB50-42C8-B2D1-F3CC1D6F4EF3}"
EndProject
Global
	GlobalSection(SolutionConfigurationPlatforms) = preSolution
		Debug|Any CPU = Debug|Any CPU
		Release|Any CPU = Release|Any CPU
	EndGlobalSection
	GlobalSection(ProjectConfigurationPlatforms) = postSolution
		{7D384ED6-80E2-40C4-8F1F-FD6D221EBCB4}.Debug|Any CPU.ActiveCfg = Debug|Any CPU
		{7D384ED6-80E2-40C4-8F1F-FD6D221EBCB4}.Debug|Any CPU.Build.0 = Debug|Any CPU
		{7D384ED6-80E2-40C4-8F1F-FD6D221EBCB4}.Release|Any CPU.ActiveCfg = Release|Any CPU
		{7D384ED6-80E2-40C4-8F1F-FD6D221EBCB4}.Release|Any CPU.Build.0 = Release|Any CPU
		{9CF3B754-37CD-4F7A-A631-1C48C46C79DA}.Debug|Any CPU.ActiveCfg = Debug|Any CPU
		{9CF3B754-37CD-4F7A-A631-1C48C46C79DA}.Debug|Any CPU.Build.0 = Debug|Any CPU
		{9CF3B754-37CD-4F7A-A631-1C48C46C79DA}.Release|Any CPU.ActiveCfg = Release|Any CPU
		{9CF3B754-37CD-4F7A-A631-1C48C46C79DA}.Release|Any CPU.Build.0 = Release|Any CPU
		{6D74C799-DB50-42C8-B2D1-F3CC1D6F4EF3}.Debug|Any CPU.ActiveCfg = Debug|Any CPU
		{6D74C799-DB50-42C8-B2D1-F3CC1D6F4EF3}.Debug|Any CPU.Build.0 = Debug|Any CPU
		{6D74C799-DB50-42C8-B2D1-F3CC1D6F4EF3}.Release|Any CPU.ActiveCfg = Release|Any CPU
		{6D74C799-DB50-42C8-B2D1-F3CC1D6F4EF3}.Release|Any CPU.Build.0 = Release|Any CPU
	EndGlobalSection
	GlobalSection(SolutionProperties) = preSolution
		HideSolutionNode = FALSE
	EndGlobalSection
EndGlobal
